{
  "sources": {
    "automysqlbackup": {
      "path": "."
    },
    "helpers": {
      "locked_version": "0.1.5",
      "git": "git://github.com/jhx/cookbook-helpers.git",
      "ref": "9f0e0aeeec7cd944e5f964f64688d779be550195"
    },
    "build-essential": {
      "locked_version": "1.3.2"
    },
    "database": {
      "locked_version": "1.3.8"
    },
    "mysql": {
      "locked_version": "2.1.0"
    },
    "openssl": {
      "locked_version": "1.0.0"
    },
    "postgresql": {
      "locked_version": "2.1.0"
    },
    "aws": {
      "locked_version": "0.100.4"
    },
    "xfs": {
      "locked_version": "1.1.0"
    }
  }
}
